
Microsoft Visual Studio Solution File, Format Version 12.00
# Visual Studio Version 17
VisualStudioVersion = 17.13.35931.197 d17.13
MinimumVisualStudioVersion = 10.0.40219.1
Project("{FAE04EC0-301F-11D3-BF4B-00C04F79EFBC}") = "VenomPizzaMenuService", "VenomPizzaMenuService\VenomPizzaMenuService.csproj", "{AB522844-D246-487E-9C4E-0A49A830CF15}"
EndProject
Global
	GlobalSection(SolutionConfigurationPlatforms) = preSolution
		Debug|Any CPU = Debug|Any CPU
		Release|Any CPU = Release|Any CPU
	EndGlobalSection
	GlobalSection(ProjectConfigurationPlatforms) = postSolution
		{AB522844-D246-487E-9C4E-0A49A830CF15}.Debug|Any CPU.ActiveCfg = Debug|Any CPU
		{AB522844-D246-487E-9C4E-0A49A830CF15}.Debug|Any CPU.Build.0 = Debug|Any CPU
		{AB522844-D246-487E-9C4E-0A49A830CF15}.Release|Any CPU.ActiveCfg = Release|Any CPU
		{AB522844-D246-487E-9C4E-0A49A830CF15}.Release|Any CPU.Build.0 = Release|Any CPU
	EndGlobalSection
	GlobalSection(SolutionProperties) = preSolution
		HideSolutionNode = FALSE
	EndGlobalSection
	GlobalSection(ExtensibilityGlobals) = postSolution
		SolutionGuid = {0FB46E50-442D-4F04-BDFB-7C3493869B78}
	EndGlobalSection
EndGlobal
